
Microsoft Visual Studio Solution File, Format Version 12.00
# Visual Studio Version 17
VisualStudioVersion = 17.10.35027.167
MinimumVisualStudioVersion = 10.0.40219.1
Project("{778DAE3C-4631-46EA-AA77-85C1314464D9}") = "Calculator", "Calculator.vbproj", "{464E93EC-140A-4F55-9767-2B5DBE55C1E5}"
EndProject
Project("{54435603-DBB4-11D2-8724-00A0C9A8B90C}") = "Mini_Calculator", "..\Mini_Calculator\Mini_Calculator.vdproj", "{61170000-3478-4D1B-BE99-1E725DBBFF7B}"
EndProject
Global
	GlobalSection(SolutionConfigurationPlatforms) = preSolution
		Debug|Any CPU = Debug|Any CPU
		Release|Any CPU = Release|Any CPU
	EndGlobalSection
	GlobalSection(ProjectConfigurationPlatforms) = postSolution
		{464E93EC-140A-4F55-9767-2B5DBE55C1E5}.Debug|Any CPU.ActiveCfg = Debug|Any CPU
		{464E93EC-140A-4F55-9767-2B5DBE55C1E5}.Debug|Any CPU.Build.0 = Debug|Any CPU
		{464E93EC-140A-4F55-9767-2B5DBE55C1E5}.Release|Any CPU.ActiveCfg = Release|Any CPU
		{464E93EC-140A-4F55-9767-2B5DBE55C1E5}.Release|Any CPU.Build.0 = Release|Any CPU
		{61170000-3478-4D1B-BE99-1E725DBBFF7B}.Debug|Any CPU.ActiveCfg = Debug
		{61170000-3478-4D1B-BE99-1E725DBBFF7B}.Release|Any CPU.ActiveCfg = Release
	EndGlobalSection
	GlobalSection(SolutionProperties) = preSolution
		HideSolutionNode = FALSE
	EndGlobalSection
	GlobalSection(ExtensibilityGlobals) = postSolution
		SolutionGuid = {804E6587-A2F3-4C30-A5FE-F0980E803B26}
	EndGlobalSection
EndGlobal
